
Microsoft Visual Studio Solution File, Format Version 12.00
# Visual Studio Version 17
VisualStudioVersion = 17.11.35327.3
MinimumVisualStudioVersion = 10.0.40219.1
Project("{FAE04EC0-301F-11D3-BF4B-00C04F79EFBC}") = "Lab7_1", "Lab7_1\Lab7_1.csproj", "{B8BCAA93-664C-4365-95C7-5C436DF4669B}"
EndProject
Project("{FAE04EC0-301F-11D3-BF4B-00C04F79EFBC}") = "Lab7_2", "Lab7_2\Lab7_2.csproj", "{C82073CF-E10A-4F6C-812E-7BF018808CF9}"
EndProject
Project("{9A19103F-16F7-4668-BE54-9A1E7A4F7556}") = "Lab7_3", "Lab7_3\Lab7_3.csproj", "{571C2929-1E65-4723-9B52-159532C74543}"
EndProject
Global
	GlobalSection(SolutionConfigurationPlatforms) = preSolution
		Debug|Any CPU = Debug|Any CPU
		Release|Any CPU = Release|Any CPU
	EndGlobalSection
	GlobalSection(ProjectConfigurationPlatforms) = postSolution
		{B8BCAA93-664C-4365-95C7-5C436DF4669B}.Debug|Any CPU.ActiveCfg = Debug|Any CPU
		{B8BCAA93-664C-4365-95C7-5C436DF4669B}.Debug|Any CPU.Build.0 = Debug|Any CPU
		{B8BCAA93-664C-4365-95C7-5C436DF4669B}.Release|Any CPU.ActiveCfg = Release|Any CPU
		{B8BCAA93-664C-4365-95C7-5C436DF4669B}.Release|Any CPU.Build.0 = Release|Any CPU
		{C82073CF-E10A-4F6C-812E-7BF018808CF9}.Debug|Any CPU.ActiveCfg = Debug|Any CPU
		{C82073CF-E10A-4F6C-812E-7BF018808CF9}.Debug|Any CPU.Build.0 = Debug|Any CPU
		{C82073CF-E10A-4F6C-812E-7BF018808CF9}.Release|Any CPU.ActiveCfg = Release|Any CPU
		{C82073CF-E10A-4F6C-812E-7BF018808CF9}.Release|Any CPU.Build.0 = Release|Any CPU
		{571C2929-1E65-4723-9B52-159532C74543}.Debug|Any CPU.ActiveCfg = Debug|Any CPU
		{571C2929-1E65-4723-9B52-159532C74543}.Debug|Any CPU.Build.0 = Debug|Any CPU
		{571C2929-1E65-4723-9B52-159532C74543}.Release|Any CPU.ActiveCfg = Release|Any CPU
		{571C2929-1E65-4723-9B52-159532C74543}.Release|Any CPU.Build.0 = Release|Any CPU
	EndGlobalSection
	GlobalSection(SolutionProperties) = preSolution
		HideSolutionNode = FALSE
	EndGlobalSection
	GlobalSection(ExtensibilityGlobals) = postSolution
		SolutionGuid = {7F375ED1-6099-4668-8B73-A127304A9209}
	EndGlobalSection
EndGlobal
